// !$*UTF8*$!
{
	archiveVersion = 1;
	classes = {
	};
	objectVersion = 46;
	objects = {

/* Begin PBXBuildFile section */
		FF548DA71FB672EB002FB039 /* AppDelegate.swift in Sources */ = {isa = PBXBuildFile; fileRef = FF548DA61FB672EB002FB039 /* AppDelegate.swift */; };
		FF548DA91FB672EB002FB039 /* ViewController.swift in Sources */ = {isa = PBXBuildFile; fileRef = FF548DA81FB672EB002FB039 /* ViewController.swift */; };
		FF548DAC1FB672EB002FB039 /* Main.storyboard in Resources */ = {isa = PBXBuildFile; fileRef = FF548DAA1FB672EB002FB039 /* Main.storyboard */; };
		FF548DAE1FB672EB002FB039 /* Assets.xcassets in Resources */ = {isa = PBXBuildFile; fileRef = FF548DAD1FB672EB002FB039 /* Assets.xcassets */; };
		FF548DB11FB672EB002FB039 /* LaunchScreen.storyboard in Resources */ = {isa = PBXBuildFile; fileRef = FF548DAF1FB672EB002FB039 /* LaunchScreen.storyboard */; };
		FF548DBC1FB672EB002FB039 /* tippingTests.swift in Sources */ = {isa = PBXBuildFile; fileRef = FF548DBB1FB672EB002FB039 /* tippingTests.swift */; };
		FF548DC71FB672EB002FB039 /* tippingUITests.swift in Sources */ = {isa = PBXBuildFile; fileRef = FF548DC61FB672EB002FB039 /* tippingUITests.swift */; };
/* End PBXBuildFile section */

/* Begin PBXContainerItemProxy section */
		FF548DB81FB672EB002FB039 /* PBXContainerItemProxy */ = {
			isa = PBXContainerItemProxy;
			containerPortal = FF548D9B1FB672EA002FB039 /* Project object */;
			proxyType = 1;
			remoteGlobalIDString = FF548DA21FB672EA002FB039;
			remoteInfo = tipping;
		};
		FF548DC31FB672EB002FB039 /* PBXContainerItemProxy */ = {
			isa = PBXContainerItemProxy;
			containerPortal = FF548D9B1FB672EA002FB039 /* Project object */;
			proxyType = 1;
			remoteGlobalIDString = FF548DA21FB672EA002FB039;
			remoteInfo = tipping;
		};
/* End PBXContainerItemProxy section */

/* Begin PBXFileReference section */
		FF548DA31FB672EA002FB039 /* tipping.app */ = {isa = PBXFileReference; explicitFileType = wrapper.application; includeInIndex = 0; path = tipping.app; sourceTree = BUILT_PRODUCTS_DIR; };
		FF548DA61FB672EB002FB039 /* AppDelegate.swift */ = {isa = PBXFileReference; lastKnownFileType = sourcecode.swift; path = AppDelegate.swift; sourceTree = "<group>"; };
		FF548DA81FB672EB002FB039 /* ViewController.swift */ = {isa = PBXFileReference; lastKnownFileType = sourcecode.swift; path = ViewController.swift; sourceTree = "<group>"; };
		FF548DAB1FB672EB002FB039 /* Base */ = {isa = PBXFileReference; lastKnownFileType = file.storyboard; name = Base; path = Base.lproj/Main.storyboard; sourceTree = "<group>"; };
		FF548DAD1FB672EB002FB039 /* Assets.xcassets */ = {isa = PBXFileReference; lastKnownFileType = folder.assetcatalog; path = Assets.xcassets; sourceTree = "<group>"; };
		FF548DB01FB672EB002FB039 /* Base */ = {isa = PBXFileReference; lastKnownFileType = file.storyboard; name = Base; path = Base.lproj/LaunchScreen.storyboard; sourceTree = "<group>"; };
		FF548DB21FB672EB002FB039 /* Info.plist */ = {isa = PBXFileReference; lastKnownFileType = text.plist.xml; path = Info.plist; sourceTree = "<group>"; };
		FF548DB71FB672EB002FB039 /* tippingTests.xctest */ = {isa = PBXFileReference; explicitFileType = wrapper.cfbundle; includeInIndex = 0; path = tippingTests.xctest; sourceTree = BUILT_PRODUCTS_DIR; };
		FF548DBB1FB672EB002FB039 /* tippingTests.swift */ = {isa = PBXFileReference; lastKnownFileType = sourcecode.swift; path = tippingTests.swift; sourceTree = "<group>"; };
		FF548DBD1FB672EB002FB039 /* Info.plist */ = {isa = PBXFileReference; lastKnownFileType = text.plist.xml; path = Info.plist; sourceTree = "<group>"; };
		FF548DC21FB672EB002FB039 /* tippingUITests.xctest */ = {isa = PBXFileReference; explicitFileType = wrapper.cfbundle; includeInIndex = 0; path = tippingUITests.xctest; sourceTree = BUILT_PRODUCTS_DIR; };
		FF548DC61FB672EB002FB039 /* tippingUITests.swift */ = {isa = PBXFileReference; lastKnownFileType = sourcecode.swift; path = tippingUITests.swift; sourceTree = "<group>"; };
		FF548DC81FB672EB002FB039 /* Info.plist */ = {isa = PBXFileReference; lastKnownFileType = text.plist.xml; path = Info.plist; sourceTree = "<group>"; };
/* End PBXFileReference section */

/* Begin PBXFrameworksBuildPhase section */
		FF548DA01FB672EA002FB039 /* Frameworks */ = {
			isa = PBXFrameworksBuildPhase;
			buildActionMask = 2147483647;
			files = (
			);
			runOnlyForDeploymentPostprocessing = 0;
		};
		FF548DB41FB672EB002FB039 /* Frameworks */ = {
			isa = PBXFrameworksBuildPhase;
			buildActionMask = 2147483647;
			files = (
			);
			runOnlyForDeploymentPostprocessing = 0;
		};
		FF548DBF1FB672EB002FB039 /* Frameworks */ = {
			isa = PBXFrameworksBuildPhase;
			buildActionMask = 2147483647;
			files = (
			);
			runOnlyForDeploymentPostprocessing = 0;
		};
/* End PBXFrameworksBuildPhase section */

/* Begin PBXGroup section */
		FF548D9A1FB672EA002FB039 = {
			isa = PBXGroup;
			children = (
				FF548DA51FB672EA002FB039 /* tipping */,
				FF548DBA1FB672EB002FB039 /* tippingTests */,
				FF548DC51FB672EB002FB039 /* tippingUITests */,
				FF548DA41FB672EA002FB039 /* Products */,
			);
			sourceTree = "<group>";
		};
		FF548DA41FB672EA002FB039 /* Products */ = {
			isa = PBXGroup;
			children = (
				FF548DA31FB672EA002FB039 /* tipping.app */,
				FF548DB71FB672EB002FB039 /* tippingTests.xctest */,
				FF548DC21FB672EB002FB039 /* tippingUITests.xctest */,
			);
			name = Products;
			sourceTree = "<group>";
		};
		FF548DA51FB672EA002FB039 /* tipping */ = {
			isa = PBXGroup;
			children = (
				FF548DA61FB672EB002FB039 /* AppDelegate.swift */,
				FF548DA81FB672EB002FB039 /* ViewController.swift */,
				FF548DAA1FB672EB002FB039 /* Main.storyboard */,
				FF548DAD1FB672EB002FB039 /* Assets.xcassets */,
				FF548DAF1FB672EB002FB039 /* LaunchScreen.storyboard */,
				FF548DB21FB672EB002FB039 /* Info.plist */,
			);
			path = tipping;
			sourceTree = "<group>";
		};
		FF548DBA1FB672EB002FB039 /* tippingTests */ = {
			isa = PBXGroup;
			children = (
				FF548DBB1FB672EB002FB039 /* tippingTests.swift */,
				FF548DBD1FB672EB002FB039 /* Info.plist */,
			);
			path = tippingTests;
			sourceTree = "<group>";
		};
		FF548DC51FB672EB002FB039 /* tippingUITests */ = {
			isa = PBXGroup;
			children = (
				FF548DC61FB672EB002FB039 /* tippingUITests.swift */,
				FF548DC81FB672EB002FB039 /* Info.plist */,
			);
			path = tippingUITests;
			sourceTree = "<group>";
		};
/* End PBXGroup section */

/* Begin PBXNativeTarget section */
		FF548DA21FB672EA002FB039 /* tipping */ = {
			isa = PBXNativeTarget;
			buildConfigurationList = FF548DCB1FB672EB002FB039 /* Build configuration list for PBXNativeTarget "tipping" */;
			buildPhases = (
				FF548D9F1FB672EA002FB039 /* Sources */,
				FF548DA01FB672EA002FB039 /* Frameworks */,
				FF548DA11FB672EA002FB039 /* Resources */,
			);
			buildRules = (
			);
			dependencies = (
			);
			name = tipping;
			productName = tipping;
			productReference = FF548DA31FB672EA002FB039 /* tipping.app */;
			productType = "com.apple.product-type.application";
		};
		FF548DB61FB672EB002FB039 /* tippingTests */ = {
			isa = PBXNativeTarget;
			buildConfigurationList = FF548DCE1FB672EB002FB039 /* Build configuration list for PBXNativeTarget "tippingTests" */;
			buildPhases = (
				FF548DB31FB672EB002FB039 /* Sources */,
				FF548DB41FB672EB002FB039 /* Frameworks */,
				FF548DB51FB672EB002FB039 /* Resources */,
			);
			buildRules = (
			);
			dependencies = (
				FF548DB91FB672EB002FB039 /* PBXTargetDependency */,
			);
			name = tippingTests;
			productName = tippingTests;
			productReference = FF548DB71FB672EB002FB039 /* tippingTests.xctest */;
			productType = "com.apple.product-type.bundle.unit-test";
		};
		FF548DC11FB672EB002FB039 /* tippingUITests */ = {
			isa = PBXNativeTarget;
			buildConfigurationList = FF548DD11FB672EB002FB039 /* Build configuration list for PBXNativeTarget "tippingUITests" */;
			buildPhases = (
				FF548DBE1FB672EB002FB039 /* Sources */,
				FF548DBF1FB672EB002FB039 /* Frameworks */,
				FF548DC01FB672EB002FB039 /* Resources */,
			);
			buildRules = (
			);
			dependencies = (
				FF548DC41FB672EB002FB039 /* PBXTargetDependency */,
			);
			name = tippingUITests;
			productName = tippingUITests;
			productReference = FF548DC21FB672EB002FB039 /* tippingUITests.xctest */;
			productType = "com.apple.product-type.bundle.ui-testing";
		};
/* End PBXNativeTarget section */

/* Begin PBXProject section */
		FF548D9B1FB672EA002FB039 /* Project object */ = {
			isa = PBXProject;
			attributes = {
				LastSwiftUpdateCheck = 0820;
				LastUpgradeCheck = 0820;
				ORGANIZATIONNAME = "Dandan Lin";
				TargetAttributes = {
					FF548DA21FB672EA002FB039 = {
						CreatedOnToolsVersion = 8.2.1;
						ProvisioningStyle = Automatic;
					};
					FF548DB61FB672EB002FB039 = {
						CreatedOnToolsVersion = 8.2.1;
						ProvisioningStyle = Automatic;
						TestTargetID = FF548DA21FB672EA002FB039;
					};
					FF548DC11FB672EB002FB039 = {
						CreatedOnToolsVersion = 8.2.1;
						ProvisioningStyle = Automatic;
						TestTargetID = FF548DA21FB672EA002FB039;
					};
				};
			};
			buildConfigurationList = FF548D9E1FB672EA002FB039 /* Build configuration list for PBXProject "tipping" */;
			compatibilityVersion = "Xcode 3.2";
			developmentRegion = English;
			hasScannedForEncodings = 0;
			knownRegions = (
				en,
				Base,
			);
			mainGroup = FF548D9A1FB672EA002FB039;
			productRefGroup = FF548DA41FB672EA002FB039 /* Products */;
			projectDirPath = "";
			projectRoot = "";
			targets = (
				FF548DA21FB672EA002FB039 /* tipping */,
				FF548DB61FB672EB002FB039 /* tippingTests */,
				FF548DC11FB672EB002FB039 /* tippingUITests */,
			);
		};
/* End PBXProject section */

/* Begin PBXResourcesBuildPhase section */
		FF548DA11FB672EA002FB039 /* Resources */ = {
			isa = PBXResourcesBuildPhase;
			buildActionMask = 2147483647;
			files = (
				FF548DB11FB672EB002FB039 /* LaunchScreen.storyboard in Resources */,
				FF548DAE1FB672EB002FB039 /* Assets.xcassets in Resources */,
				FF548DAC1FB672EB002FB039 /* Main.storyboard in Resources */,
			);
			runOnlyForDeploymentPostprocessing = 0;
		};
		FF548DB51FB672EB002FB039 /* Resources */ = {
			isa = PBXResourcesBuildPhase;
			buildActionMask = 2147483647;
			files = (
			);
			runOnlyForDeploymentPostprocessing = 0;
		};
		FF548DC01FB672EB002FB039 /* Resources */ = {
			isa = PBXResourcesBuildPhase;
			buildActionMask = 2147483647;
			files = (
			);
			runOnlyForDeploymentPostprocessing = 0;
		};
/* End PBXResourcesBuildPhase section */

/* Begin PBXSourcesBuildPhase section */
		FF548D9F1FB672EA002FB039 /* Sources */ = {
			isa = PBXSourcesBuildPhase;
			buildActionMask = 2147483647;
			files = (
				FF548DA91FB672EB002FB039 /* ViewController.swift in Sources */,
				FF548DA71FB672EB002FB039 /* AppDelegate.swift in Sources */,
			);
			runOnlyForDeploymentPostprocessing = 0;
		};
		FF548DB31FB672EB002FB039 /* Sources */ = {
			isa = PBXSourcesBuildPhase;
			buildActionMask = 2147483647;
			files = (
				FF548DBC1FB672EB002FB039 /* tippingTests.swift in Sources */,
			);
			runOnlyForDeploymentPostprocessing = 0;
		};
		FF548DBE1FB672EB002FB039 /* Sources */ = {
			isa = PBXSourcesBuildPhase;
			buildActionMask = 2147483647;
			files = (
				FF548DC71FB672EB002FB039 /* tippingUITests.swift in Sources */,
			);
			runOnlyForDeploymentPostprocessing = 0;
		};
/* End PBXSourcesBuildPhase section */

/* Begin PBXTargetDependency section */
		FF548DB91FB672EB002FB039 /* PBXTargetDependency */ = {
			isa = PBXTargetDependency;
			target = FF548DA21FB672EA002FB039 /* tipping */;
			targetProxy = FF548DB81FB672EB002FB039 /* PBXContainerItemProxy */;
		};
		FF548DC41FB672EB002FB039 /* PBXTargetDependency */ = {
			isa = PBXTargetDependency;
			target = FF548DA21FB672EA002FB039 /* tipping */;
			targetProxy = FF548DC31FB672EB002FB039 /* PBXContainerItemProxy */;
		};
/* End PBXTargetDependency section */

/* Begin PBXVariantGroup section */
		FF548DAA1FB672EB002FB039 /* Main.storyboard */ = {
			isa = PBXVariantGroup;
			children = (
				FF548DAB1FB672EB002FB039 /* Base */,
			);
			name = Main.storyboard;
			sourceTree = "<group>";
		};
		FF548DAF1FB672EB002FB039 /* LaunchScreen.storyboard */ = {
			isa = PBXVariantGroup;
			children = (
				FF548DB01FB672EB002FB039 /* Base */,
			);
			name = LaunchScreen.storyboard;
			sourceTree = "<group>";
		};
/* End PBXVariantGroup section */

/* Begin XCBuildConfiguration section */
		FF548DC91FB672EB002FB039 /* Debug */ = {
			isa = XCBuildConfiguration;
			buildSettings = {
				ALWAYS_SEARCH_USER_PATHS = NO;
				CLANG_ANALYZER_NONNULL = YES;
				CLANG_CXX_LANGUAGE_STANDARD = "gnu++0x";
				CLANG_CXX_LIBRARY = "libc++";
				CLANG_ENABLE_MODULES = YES;
				CLANG_ENABLE_OBJC_ARC = YES;
				CLANG_WARN_BOOL_CONVERSION = YES;
				CLANG_WARN_CONSTANT_CONVERSION = YES;
				CLANG_WARN_DIRECT_OBJC_ISA_USAGE = YES_ERROR;
				CLANG_WARN_DOCUMENTATION_COMMENTS = YES;
				CLANG_WARN_EMPTY_BODY = YES;
				CLANG_WARN_ENUM_CONVERSION = YES;
				CLANG_WARN_INFINITE_RECURSION = YES;
				CLANG_WARN_INT_CONVERSION = YES;
				CLANG_WARN_OBJC_ROOT_CLASS = YES_ERROR;
				CLANG_WARN_SUSPICIOUS_MOVE = YES;
				CLANG_WARN_UNREACHABLE_CODE = YES;
				CLANG_WARN__DUPLICATE_METHOD_MATCH = YES;
				"CODE_SIGN_IDENTITY[sdk=iphoneos*]" = "iPhone Developer";
				COPY_PHASE_STRIP = NO;
				DEBUG_INFORMATION_FORMAT = dwarf;
				ENABLE_STRICT_OBJC_MSGSEND = YES;
				ENABLE_TESTABILITY = YES;
				GCC_C_LANGUAGE_STANDARD = gnu99;
				GCC_DYNAMIC_NO_PIC = NO;
				GCC_NO_COMMON_BLOCKS = YES;
				GCC_OPTIMIZATION_LEVEL = 0;
				GCC_PREPROCESSOR_DEFINITIONS = (
					"DEBUG=1",
					"$(inherited)",
				);
				GCC_WARN_64_TO_32_BIT_CONVERSION = YES;
				GCC_WARN_ABOUT_RETURN_TYPE = YES_ERROR;
				GCC_WARN_UNDECLARED_SELECTOR = YES;
				GCC_WARN_UNINITIALIZED_AUTOS = YES_AGGRESSIVE;
				GCC_WARN_UNUSED_FUNCTION = YES;
				GCC_WARN_UNUSED_VARIABLE = YES;
				IPHONEOS_DEPLOYMENT_TARGET = 10.2;
				MTL_ENABLE_DEBUG_INFO = YES;
				ONLY_ACTIVE_ARCH = YES;
				SDKROOT = iphoneos;
				SWIFT_ACTIVE_COMPILATION_CONDITIONS = DEBUG;
				SWIFT_OPTIMIZATION_LEVEL = "-Onone";
			};
			name = Debug;
		};
		FF548DCA1FB672EB002FB039 /* Release */ = {
			isa = XCBuildConfiguration;
			buildSettings = {
				ALWAYS_SEARCH_USER_PATHS = NO;
				CLANG_ANALYZER_NONNULL = YES;
				CLANG_CXX_LANGUAGE_STANDARD = "gnu++0x";
				CLANG_CXX_LIBRARY = "libc++";
				CLANG_ENABLE_MODULES = YES;
				CLANG_ENABLE_OBJC_ARC = YES;
				CLANG_WARN_BOOL_CONVERSION = YES;
				CLANG_WARN_CONSTANT_CONVERSION = YES;
				CLANG_WARN_DIRECT_OBJC_ISA_USAGE = YES_ERROR;
				CLANG_WARN_DOCUMENTATION_COMMENTS = YES;
				CLANG_WARN_EMPTY_BODY = YES;
				CLANG_WARN_ENUM_CONVERSION = YES;
				CLANG_WARN_INFINITE_RECURSION = YES;
				CLANG_WARN_INT_CONVERSION = YES;
				CLANG_WARN_OBJC_ROOT_CLASS = YES_ERROR;
				CLANG_WARN_SUSPICIOUS_MOVE = YES;
				CLANG_WARN_UNREACHABLE_CODE = YES;
				CLANG_WARN__DUPLICATE_METHOD_MATCH = YES;
				"CODE_SIGN_IDENTITY[sdk=iphoneos*]" = "iPhone Developer";
				COPY_PHASE_STRIP = NO;
				DEBUG_INFORMATION_FORMAT = "dwarf-with-dsym";
				ENABLE_NS_ASSERTIONS = NO;
				ENABLE_STRICT_OBJC_MSGSEND = YES;
				GCC_C_LANGUAGE_STANDARD = gnu99;
				GCC_NO_COMMON_BLOCKS = YES;
				GCC_WARN_64_TO_32_BIT_CONVERSION = YES;
				GCC_WARN_ABOUT_RETURN_TYPE = YES_ERROR;
				GCC_WARN_UNDECLARED_SELECTOR = YES;
				GCC_WARN_UNINITIALIZED_AUTOS = YES_AGGRESSIVE;
				GCC_WARN_UNUSED_FUNCTION = YES;
				GCC_WARN_UNUSED_VARIABLE = YES;
				IPHONEOS_DEPLOYMENT_TARGET = 10.2;
				MTL_ENABLE_DEBUG_INFO = NO;
				SDKROOT = iphoneos;
				SWIFT_OPTIMIZATION_LEVEL = "-Owholemodule";
				VALIDATE_PRODUCT = YES;
			};
			name = Release;
		};
		FF548DCC1FB672EB002FB039 /* Debug */ = {
			isa = XCBuildConfiguration;
			buildSettings = {
				ASSETCATALOG_COMPILER_APPICON_NAME = AppIcon;
				INFOPLIST_FILE = tipping/Info.plist;
				LD_RUNPATH_SEARCH_PATHS = "$(inherited) @executable_path/Frameworks";
				PRODUCT_BUNDLE_IDENTIFIER = "dandan-lin.tipping";
				PRODUCT_NAME = "$(TARGET_NAME)";
				SWIFT_VERSION = 3.0;
			};
			name = Debug;
		};
		FF548DCD1FB672EB002FB039 /* Release */ = {
			isa = XCBuildConfiguration;
			buildSettings = {
				ASSETCATALOG_COMPILER_APPICON_NAME = AppIcon;
				INFOPLIST_FILE = tipping/Info.plist;
				LD_RUNPATH_SEARCH_PATHS = "$(inherited) @executable_path/Frameworks";
				PRODUCT_BUNDLE_IDENTIFIER = "dandan-lin.tipping";
				PRODUCT_NAME = "$(TARGET_NAME)";
				SWIFT_VERSION = 3.0;
			};
			name = Release;
		};
		FF548DCF1FB672EB002FB039 /* Debug */ = {
			isa = XCBuildConfiguration;
			buildSettings = {
				ALWAYS_EMBED_SWIFT_STANDARD_LIBRARIES = YES;
				BUNDLE_LOADER = "$(TEST_HOST)";
				INFOPLIST_FILE = tippingTests/Info.plist;
				LD_RUNPATH_SEARCH_PATHS = "$(inherited) @executable_path/Frameworks @loader_path/Frameworks";
				PRODUCT_BUNDLE_IDENTIFIER = "dandan-lin.tippingTests";
				PRODUCT_NAME = "$(TARGET_NAME)";
				SWIFT_VERSION = 3.0;
				TEST_HOST = "$(BUILT_PRODUCTS_DIR)/tipping.app/tipping";
			};
			name = Debug;
		};
		FF548DD01FB672EB002FB039 /* Release */ = {
			isa = XCBuildConfiguration;
			buildSettings = {
				ALWAYS_EMBED_SWIFT_STANDARD_LIBRARIES = YES;
				BUNDLE_LOADER = "$(TEST_HOST)";
				INFOPLIST_FILE = tippingTests/Info.plist;
				LD_RUNPATH_SEARCH_PATHS = "$(inherited) @executable_path/Frameworks @loader_path/Frameworks";
				PRODUCT_BUNDLE_IDENTIFIER = "dandan-lin.tippingTests";
				PRODUCT_NAME = "$(TARGET_NAME)";
				SWIFT_VERSION = 3.0;
				TEST_HOST = "$(BUILT_PRODUCTS_DIR)/tipping.app/tipping";
			};
			name = Release;
		};
		FF548DD21FB672EB002FB039 /* Debug */ = {
			isa = XCBuildConfiguration;
			buildSettings = {
				ALWAYS_EMBED_SWIFT_STANDARD_LIBRARIES = YES;
				INFOPLIST_FILE = tippingUITests/Info.plist;
				LD_RUNPATH_SEARCH_PATHS = "$(inherited) @executable_path/Frameworks @loader_path/Frameworks";
				PRODUCT_BUNDLE_IDENTIFIER = "dandan-lin.tippingUITests";
				PRODUCT_NAME = "$(TARGET_NAME)";
				SWIFT_VERSION = 3.0;
				TEST_TARGET_NAME = tipping;
			};
			name = Debug;
		};
		FF548DD31FB672EB002FB039 /* Release */ = {
			isa = XCBuildConfiguration;
			buildSettings = {
				ALWAYS_EMBED_SWIFT_STANDARD_LIBRARIES = YES;
				INFOPLIST_FILE = tippingUITests/Info.plist;
				LD_RUNPATH_SEARCH_PATHS = "$(inherited) @executable_path/Frameworks @loader_path/Frameworks";
				PRODUCT_BUNDLE_IDENTIFIER = "dandan-lin.tippingUITests";
				PRODUCT_NAME = "$(TARGET_NAME)";
				SWIFT_VERSION = 3.0;
				TEST_TARGET_NAME = tipping;
			};
			name = Release;
		};
/* End XCBuildConfiguration section */

/* Begin XCConfigurationList section */
		FF548D9E1FB672EA002FB039 /* Build configuration list for PBXProject "tipping" */ = {
			isa = XCConfigurationList;
			buildConfigurations = (
				FF548DC91FB672EB002FB039 /* Debug */,
				FF548DCA1FB672EB002FB039 /* Release */,
			);
			defaultConfigurationIsVisible = 0;
			defaultConfigurationName = Release;
		};
		FF548DCB1FB672EB002FB039 /* Build configuration list for PBXNativeTarget "tipping" */ = {
			isa = XCConfigurationList;
			buildConfigurations = (
				FF548DCC1FB672EB002FB039 /* Debug */,
				FF548DCD1FB672EB002FB039 /* Release */,
			);
			defaultConfigurationIsVisible = 0;
		};
		FF548DCE1FB672EB002FB039 /* Build configuration list for PBXNativeTarget "tippingTests" */ = {
			isa = XCConfigurationList;
			buildConfigurations = (
				FF548DCF1FB672EB002FB039 /* Debug */,
				FF548DD01FB672EB002FB039 /* Release */,
			);
			defaultConfigurationIsVisible = 0;
		};
		FF548DD11FB672EB002FB039 /* Build configuration list for PBXNativeTarget "tippingUITests" */ = {
			isa = XCConfigurationList;
			buildConfigurations = (
				FF548DD21FB672EB002FB039 /* Debug */,
				FF548DD31FB672EB002FB039 /* Release */,
			);
			defaultConfigurationIsVisible = 0;
		};
/* End XCConfigurationList section */
	};
	rootObject = FF548D9B1FB672EA002FB039 /* Project object */;
}
